{
  "requires": true,
  "lockfileVersion": 1,
  "dependencies": {
    "@zxing/library": {
      "version": "0.12.4",
      "resolved": "https://registry.npmjs.org/@zxing/library/-/library-0.12.4.tgz",
      "integrity": "sha512-GrIyYsbAPUtrUqdDknw0xnIa+iqTegs2TSyBfyq41Jz7a6tQCgIGiKciBEFyBtskADT/YL3teL9Ab9gAMk9oVw==",
      "requires": {
        "text-encoding": "^0.7.0",
        "ts-custom-error": "^3.0.0"
      }
    },
    "text-encoding": {
      "version": "0.7.0",
      "resolved": "https://registry.npmjs.org/text-encoding/-/text-encoding-0.7.0.tgz",
      "integrity": "sha512-oJQ3f1hrOnbRLOcwKz0Liq2IcrvDeZRHXhd9RgLrsT+DjWY/nty1Hi7v3dtkaEYbPYe0mUoOfzRrMwfXXwgPUA==",
      "optional": true
    },
    "ts-custom-error": {
      "version": "3.1.0",
      "resolved": "https://registry.npmjs.org/ts-custom-error/-/ts-custom-error-3.1.0.tgz",
      "integrity": "sha512-EIL1r8RKfa006lLhSSVsAlvu6/BgRdSLSxibP27zq66ydh6Kbsjv1pV7VAD7TxQfdQ9begiQW0QVjsnr9KvVrw=="
    }
  }
}
